PODS:
  - ARSafariActivity (1.0.4)
  - CWStatusBarNotification (2.3.5)
  - DZNEmptyDataSet (1.8.1)
  - InAppSettingsKit (3.0.1)
  - TFHpple (2.0.0)

DEPENDENCIES:
  - ARSafariActivity
  - CWStatusBarNotification (~> 2.3.5)
  - DZNEmptyDataSet
  - InAppSettingsKit
  - TFHpple

SPEC REPOS:
  trunk:
    - ARSafariActivity
    - CWStatusBarNotification
    - DZNEmptyDataSet
    - InAppSettingsKit
    - TFHpple

SPEC CHECKSUMS:
  ARSafariActivity: eccf8d928f242a6a290437afd27ed7178b7eadcc
  CWStatusBarNotification: 3d2738b25c3207f60cc50201388d3c96182545ff
  DZNEmptyDataSet: 9525833b9e68ac21c30253e1d3d7076cc828eaa7
  InAppSettingsKit: 0d6cf327364085375cbfd8011fd6ae1c0d2c7d1c
  TFHpple: a916fe0799eb30aa29b2670d14d5868cdd3a5b81

PODFILE CHECKSUM: 7acc3304273439014cef1cbe0228fb5b0a94650e

COCOAPODS: 1.10.1
